
Microsoft Visual Studio Solution File, Format Version 12.00
# Visual Studio Version 17
VisualStudioVersion = 17.0.31903.59
MinimumVisualStudioVersion = 10.0.40219.1
Project("{2150E333-8FDC-42A3-9474-1A3956D46DE8}") = "src", "src", "{A66A4C7C-6481-446E-A652-D1A1468E960F}"
EndProject
Project("{FAE04EC0-301F-11D3-BF4B-00C04F79EFBC}") = "AuctionService", "src\AuctionService\AuctionService.csproj", "{C31E7C6B-B280-4F2D-9008-2625D63233D6}"
EndProject
Project("{FAE04EC0-301F-11D3-BF4B-00C04F79EFBC}") = "SearchService", "src\SearchService\SearchService.csproj", "{B5A93F3B-2D72-41BD-8F5B-8A5ACFD5463E}"
EndProject
Project("{FAE04EC0-301F-11D3-BF4B-00C04F79EFBC}") = "Contracts", "src\Contracts\Contracts.csproj", "{D4A10E06-53D0-4CC8-9747-A29E0167D3E1}"
EndProject
Project("{FAE04EC0-301F-11D3-BF4B-00C04F79EFBC}") = "IdentityService", "src\IdentityService\IdentityService.csproj", "{D6D510E0-97E5-436B-8946-74B711BA9F32}"
EndProject
Project("{FAE04EC0-301F-11D3-BF4B-00C04F79EFBC}") = "GatewayService", "src\GatewayService\GatewayService.csproj", "{EF5B3647-AC03-441C-A555-5FB52F90C505}"
EndProject
Global
	GlobalSection(SolutionConfigurationPlatforms) = preSolution
		Debug|Any CPU = Debug|Any CPU
		Release|Any CPU = Release|Any CPU
	EndGlobalSection
	GlobalSection(SolutionProperties) = preSolution
		HideSolutionNode = FALSE
	EndGlobalSection
	GlobalSection(ProjectConfigurationPlatforms) = postSolution
		{C31E7C6B-B280-4F2D-9008-2625D63233D6}.Debug|Any CPU.ActiveCfg = Debug|Any CPU
		{C31E7C6B-B280-4F2D-9008-2625D63233D6}.Debug|Any CPU.Build.0 = Debug|Any CPU
		{C31E7C6B-B280-4F2D-9008-2625D63233D6}.Release|Any CPU.ActiveCfg = Release|Any CPU
		{C31E7C6B-B280-4F2D-9008-2625D63233D6}.Release|Any CPU.Build.0 = Release|Any CPU
		{B5A93F3B-2D72-41BD-8F5B-8A5ACFD5463E}.Debug|Any CPU.ActiveCfg = Debug|Any CPU
		{B5A93F3B-2D72-41BD-8F5B-8A5ACFD5463E}.Debug|Any CPU.Build.0 = Debug|Any CPU
		{B5A93F3B-2D72-41BD-8F5B-8A5ACFD5463E}.Release|Any CPU.ActiveCfg = Release|Any CPU
		{B5A93F3B-2D72-41BD-8F5B-8A5ACFD5463E}.Release|Any CPU.Build.0 = Release|Any CPU
		{D4A10E06-53D0-4CC8-9747-A29E0167D3E1}.Debug|Any CPU.ActiveCfg = Debug|Any CPU
		{D4A10E06-53D0-4CC8-9747-A29E0167D3E1}.Debug|Any CPU.Build.0 = Debug|Any CPU
		{D4A10E06-53D0-4CC8-9747-A29E0167D3E1}.Release|Any CPU.ActiveCfg = Release|Any CPU
		{D4A10E06-53D0-4CC8-9747-A29E0167D3E1}.Release|Any CPU.Build.0 = Release|Any CPU
		{D6D510E0-97E5-436B-8946-74B711BA9F32}.Debug|Any CPU.ActiveCfg = Debug|Any CPU
		{D6D510E0-97E5-436B-8946-74B711BA9F32}.Debug|Any CPU.Build.0 = Debug|Any CPU
		{D6D510E0-97E5-436B-8946-74B711BA9F32}.Release|Any CPU.ActiveCfg = Release|Any CPU
		{D6D510E0-97E5-436B-8946-74B711BA9F32}.Release|Any CPU.Build.0 = Release|Any CPU
		{EF5B3647-AC03-441C-A555-5FB52F90C505}.Debug|Any CPU.ActiveCfg = Debug|Any CPU
		{EF5B3647-AC03-441C-A555-5FB52F90C505}.Debug|Any CPU.Build.0 = Debug|Any CPU
		{EF5B3647-AC03-441C-A555-5FB52F90C505}.Release|Any CPU.ActiveCfg = Release|Any CPU
		{EF5B3647-AC03-441C-A555-5FB52F90C505}.Release|Any CPU.Build.0 = Release|Any CPU
	EndGlobalSection
	GlobalSection(NestedProjects) = preSolution
		{C31E7C6B-B280-4F2D-9008-2625D63233D6} = {A66A4C7C-6481-446E-A652-D1A1468E960F}
		{B5A93F3B-2D72-41BD-8F5B-8A5ACFD5463E} = {A66A4C7C-6481-446E-A652-D1A1468E960F}
		{D4A10E06-53D0-4CC8-9747-A29E0167D3E1} = {A66A4C7C-6481-446E-A652-D1A1468E960F}
		{D6D510E0-97E5-436B-8946-74B711BA9F32} = {A66A4C7C-6481-446E-A652-D1A1468E960F}
		{EF5B3647-AC03-441C-A555-5FB52F90C505} = {A66A4C7C-6481-446E-A652-D1A1468E960F}
	EndGlobalSection
EndGlobal
